
Microsoft Visual Studio Solution File, Format Version 12.00
# Visual Studio 15
VisualStudioVersion = 15.0.26730.12
MinimumVisualStudioVersion = 10.0.40219.1
Project("{9A19103F-16F7-4668-BE54-9A1E7A4F7556}") = "NetCorePoc.Api", "NetCorePoc\NetCorePoc.Api.csproj", "{203C410D-BF15-41F8-8A02-B45FAD9533C5}"
EndProject
Project("{2150E333-8FDC-42A3-9474-1A3956D46DE8}") = "1 - Api", "1 - Api", "{1F5DEA15-4D56-4685-AE57-AE390EBFC7AD}"
EndProject
Project("{2150E333-8FDC-42A3-9474-1A3956D46DE8}") = "2 - Application", "2 - Application", "{2611BD0A-0632-4340-B530-34F406C1CB67}"
EndProject
Project("{2150E333-8FDC-42A3-9474-1A3956D46DE8}") = "3 - Domain", "3 - Domain", "{C5C036B9-2EFF-43E0-ABA5-D5183D5F365A}"
EndProject
Project("{2150E333-8FDC-42A3-9474-1A3956D46DE8}") = "4 - Infrastructure", "4 - Infrastructure", "{2396C090-CA6A-48AC-9CAA-BE88C5D41A02}"
EndProject
Project("{2150E333-8FDC-42A3-9474-1A3956D46DE8}") = "tests", "tests", "{3DE7F615-E26B-41F9-9A37-D7525DC7C87F}"
EndProject
Project("{2150E333-8FDC-42A3-9474-1A3956D46DE8}") = "4.1 - CrossCutting", "4.1 - CrossCutting", "{E758DD63-A4A4-4AD6-9354-A35C7C8CC3B9}"
EndProject
Project("{9A19103F-16F7-4668-BE54-9A1E7A4F7556}") = "NetCorePoc.Infrastructure.CrossCutting.IoC", "NetCorePoc.Infrastructure.CrossCutting.IoC\NetCorePoc.Infrastructure.CrossCutting.IoC.csproj", "{53C7B2FF-7B74-43AF-BF5E-A72970D328B6}"
EndProject
Project("{9A19103F-16F7-4668-BE54-9A1E7A4F7556}") = "NetCorePoc.Application", "NetCorePoc.Application\NetCorePoc.Application.csproj", "{F70DA9AF-6D79-442D-99ED-FFD876ED1E1D}"
EndProject
Project("{9A19103F-16F7-4668-BE54-9A1E7A4F7556}") = "NetCorePoc.Domain", "NetCorePoc.Domain\NetCorePoc.Domain.csproj", "{592D4141-5CAA-48A0-815F-DBC2358B6AA3}"
EndProject
Project("{2150E333-8FDC-42A3-9474-1A3956D46DE8}") = "src", "src", "{11996B1C-BA67-46E4-9F0D-4A3FAADAAC83}"
EndProject
Project("{9A19103F-16F7-4668-BE54-9A1E7A4F7556}") = "NetCorePoc.Infrastructure.CrossCutting.DataAccess", "NetCorePoc.Infrastructure.CrossCutting.DataAccess\NetCorePoc.Infrastructure.CrossCutting.DataAccess.csproj", "{8D8B49DF-B7B0-4D6C-9EA0-3367D7A0D40A}"
EndProject
Project("{9A19103F-16F7-4668-BE54-9A1E7A4F7556}") = "NetCorePoc.Infrastructure.CrossCutting.Security", "NetCorePoc.Infrastructure.CrossCutting.Security\NetCorePoc.Infrastructure.CrossCutting.Security.csproj", "{DDE7AD8D-16DC-402D-A864-0169DB393A75}"
EndProject
Project("{E53339B2-1760-4266-BCC7-CA923CBCF16C}") = "docker-compose", "docker-compose.dcproj", "{D7B395B7-699F-41BF-ABBE-64E8BF9E4863}"
EndProject
Global
	GlobalSection(SolutionConfigurationPlatforms) = preSolution
		Debug|Any CPU = Debug|Any CPU
		Release|Any CPU = Release|Any CPU
	EndGlobalSection
	GlobalSection(ProjectConfigurationPlatforms) = postSolution
		{203C410D-BF15-41F8-8A02-B45FAD9533C5}.Debug|Any CPU.ActiveCfg = Debug|Any CPU
		{203C410D-BF15-41F8-8A02-B45FAD9533C5}.Debug|Any CPU.Build.0 = Debug|Any CPU
		{203C410D-BF15-41F8-8A02-B45FAD9533C5}.Release|Any CPU.ActiveCfg = Release|Any CPU
		{203C410D-BF15-41F8-8A02-B45FAD9533C5}.Release|Any CPU.Build.0 = Release|Any CPU
		{53C7B2FF-7B74-43AF-BF5E-A72970D328B6}.Debug|Any CPU.ActiveCfg = Debug|Any CPU
		{53C7B2FF-7B74-43AF-BF5E-A72970D328B6}.Debug|Any CPU.Build.0 = Debug|Any CPU
		{53C7B2FF-7B74-43AF-BF5E-A72970D328B6}.Release|Any CPU.ActiveCfg = Release|Any CPU
		{53C7B2FF-7B74-43AF-BF5E-A72970D328B6}.Release|Any CPU.Build.0 = Release|Any CPU
		{F70DA9AF-6D79-442D-99ED-FFD876ED1E1D}.Debug|Any CPU.ActiveCfg = Debug|Any CPU
		{F70DA9AF-6D79-442D-99ED-FFD876ED1E1D}.Debug|Any CPU.Build.0 = Debug|Any CPU
		{F70DA9AF-6D79-442D-99ED-FFD876ED1E1D}.Release|Any CPU.ActiveCfg = Release|Any CPU
		{F70DA9AF-6D79-442D-99ED-FFD876ED1E1D}.Release|Any CPU.Build.0 = Release|Any CPU
		{592D4141-5CAA-48A0-815F-DBC2358B6AA3}.Debug|Any CPU.ActiveCfg = Debug|Any CPU
		{592D4141-5CAA-48A0-815F-DBC2358B6AA3}.Debug|Any CPU.Build.0 = Debug|Any CPU
		{592D4141-5CAA-48A0-815F-DBC2358B6AA3}.Release|Any CPU.ActiveCfg = Release|Any CPU
		{592D4141-5CAA-48A0-815F-DBC2358B6AA3}.Release|Any CPU.Build.0 = Release|Any CPU
		{8D8B49DF-B7B0-4D6C-9EA0-3367D7A0D40A}.Debug|Any CPU.ActiveCfg = Debug|Any CPU
		{8D8B49DF-B7B0-4D6C-9EA0-3367D7A0D40A}.Debug|Any CPU.Build.0 = Debug|Any CPU
		{8D8B49DF-B7B0-4D6C-9EA0-3367D7A0D40A}.Release|Any CPU.ActiveCfg = Release|Any CPU
		{8D8B49DF-B7B0-4D6C-9EA0-3367D7A0D40A}.Release|Any CPU.Build.0 = Release|Any CPU
		{DDE7AD8D-16DC-402D-A864-0169DB393A75}.Debug|Any CPU.ActiveCfg = Debug|Any CPU
		{DDE7AD8D-16DC-402D-A864-0169DB393A75}.Debug|Any CPU.Build.0 = Debug|Any CPU
		{DDE7AD8D-16DC-402D-A864-0169DB393A75}.Release|Any CPU.ActiveCfg = Release|Any CPU
		{DDE7AD8D-16DC-402D-A864-0169DB393A75}.Release|Any CPU.Build.0 = Release|Any CPU
		{D7B395B7-699F-41BF-ABBE-64E8BF9E4863}.Debug|Any CPU.ActiveCfg = Debug|Any CPU
		{D7B395B7-699F-41BF-ABBE-64E8BF9E4863}.Debug|Any CPU.Build.0 = Debug|Any CPU
		{D7B395B7-699F-41BF-ABBE-64E8BF9E4863}.Release|Any CPU.ActiveCfg = Release|Any CPU
		{D7B395B7-699F-41BF-ABBE-64E8BF9E4863}.Release|Any CPU.Build.0 = Release|Any CPU
	EndGlobalSection
	GlobalSection(SolutionProperties) = preSolution
		HideSolutionNode = FALSE
	EndGlobalSection
	GlobalSection(NestedProjects) = preSolution
		{203C410D-BF15-41F8-8A02-B45FAD9533C5} = {1F5DEA15-4D56-4685-AE57-AE390EBFC7AD}
		{1F5DEA15-4D56-4685-AE57-AE390EBFC7AD} = {11996B1C-BA67-46E4-9F0D-4A3FAADAAC83}
		{2611BD0A-0632-4340-B530-34F406C1CB67} = {11996B1C-BA67-46E4-9F0D-4A3FAADAAC83}
		{C5C036B9-2EFF-43E0-ABA5-D5183D5F365A} = {11996B1C-BA67-46E4-9F0D-4A3FAADAAC83}
		{2396C090-CA6A-48AC-9CAA-BE88C5D41A02} = {11996B1C-BA67-46E4-9F0D-4A3FAADAAC83}
		{E758DD63-A4A4-4AD6-9354-A35C7C8CC3B9} = {2396C090-CA6A-48AC-9CAA-BE88C5D41A02}
		{53C7B2FF-7B74-43AF-BF5E-A72970D328B6} = {E758DD63-A4A4-4AD6-9354-A35C7C8CC3B9}
		{F70DA9AF-6D79-442D-99ED-FFD876ED1E1D} = {2611BD0A-0632-4340-B530-34F406C1CB67}
		{592D4141-5CAA-48A0-815F-DBC2358B6AA3} = {C5C036B9-2EFF-43E0-ABA5-D5183D5F365A}
		{8D8B49DF-B7B0-4D6C-9EA0-3367D7A0D40A} = {E758DD63-A4A4-4AD6-9354-A35C7C8CC3B9}
		{DDE7AD8D-16DC-402D-A864-0169DB393A75} = {E758DD63-A4A4-4AD6-9354-A35C7C8CC3B9}
	EndGlobalSection
	GlobalSection(ExtensibilityGlobals) = postSolution
		SolutionGuid = {0FFC4817-E4F8-4F54-B7A2-2EB74C6CDF83}
	EndGlobalSection
EndGlobal
